
Microsoft Visual Studio Solution File, Format Version 12.00
# Visual Studio Version 16
VisualStudioVersion = 16.0.31624.102
MinimumVisualStudioVersion = 10.0.40219.1
Project("{FAE04EC0-301F-11D3-BF4B-00C04F79EFBC}") = "Console", "DevTeams_Console\Console.csproj", "{0E7DCCCA-632A-489C-B6E5-6D214E37DA3A}"
EndProject
Project("{FAE04EC0-301F-11D3-BF4B-00C04F79EFBC}") = "DevTeam", "DevTeam\DevTeam.csproj", "{1F9EC3F4-5EC1-4E7F-8839-7191A8EEAFFA}"
EndProject
Project("{FAE04EC0-301F-11D3-BF4B-00C04F79EFBC}") = "DeveloperPart", "Developer\DeveloperPart.csproj", "{D0DEC437-2D05-46D0-AE8D-D7F9CEA16E9A}"
EndProject
Global
	GlobalSection(SolutionConfigurationPlatforms) = preSolution
		Debug|Any CPU = Debug|Any CPU
		Release|Any CPU = Release|Any CPU
	EndGlobalSection
	GlobalSection(ProjectConfigurationPlatforms) = postSolution
		{0E7DCCCA-632A-489C-B6E5-6D214E37DA3A}.Debug|Any CPU.ActiveCfg = Debug|Any CPU
		{0E7DCCCA-632A-489C-B6E5-6D214E37DA3A}.Debug|Any CPU.Build.0 = Debug|Any CPU
		{0E7DCCCA-632A-489C-B6E5-6D214E37DA3A}.Release|Any CPU.ActiveCfg = Release|Any CPU
		{0E7DCCCA-632A-489C-B6E5-6D214E37DA3A}.Release|Any CPU.Build.0 = Release|Any CPU
		{1F9EC3F4-5EC1-4E7F-8839-7191A8EEAFFA}.Debug|Any CPU.ActiveCfg = Debug|Any CPU
		{1F9EC3F4-5EC1-4E7F-8839-7191A8EEAFFA}.Debug|Any CPU.Build.0 = Debug|Any CPU
		{1F9EC3F4-5EC1-4E7F-8839-7191A8EEAFFA}.Release|Any CPU.ActiveCfg = Release|Any CPU
		{1F9EC3F4-5EC1-4E7F-8839-7191A8EEAFFA}.Release|Any CPU.Build.0 = Release|Any CPU
		{D0DEC437-2D05-46D0-AE8D-D7F9CEA16E9A}.Debug|Any CPU.ActiveCfg = Debug|Any CPU
		{D0DEC437-2D05-46D0-AE8D-D7F9CEA16E9A}.Debug|Any CPU.Build.0 = Debug|Any CPU
		{D0DEC437-2D05-46D0-AE8D-D7F9CEA16E9A}.Release|Any CPU.ActiveCfg = Release|Any CPU
		{D0DEC437-2D05-46D0-AE8D-D7F9CEA16E9A}.Release|Any CPU.Build.0 = Release|Any CPU
	EndGlobalSection
	GlobalSection(SolutionProperties) = preSolution
		HideSolutionNode = FALSE
	EndGlobalSection
	GlobalSection(ExtensibilityGlobals) = postSolution
		SolutionGuid = {E1187131-BD54-4C64-BECA-30323E43720E}
	EndGlobalSection
EndGlobal
